
Microsoft Visual Studio Solution File, Format Version 12.00
# Visual Studio Version 17
VisualStudioVersion = 17.6.33723.286
MinimumVisualStudioVersion = 10.0.40219.1
Project("{9A19103F-16F7-4668-BE54-9A1E7A4F7556}") = "NoteFlyout", "NoteFlyout\NoteFlyout.csproj", "{C787F8BE-8897-4ED5-97F2-237572CCC8BB}"
EndProject
Project("{9A19103F-16F7-4668-BE54-9A1E7A4F7556}") = "WAH.NoteSystem.UI.WinUI", "Note.UI\WAH.NoteSystem.UI.WinUI.csproj", "{00D8356E-3416-4FBB-9E58-C78C30F83A46}"
EndProject
Project("{9A19103F-16F7-4668-BE54-9A1E7A4F7556}") = "WAH.NoteSystem.Core.WinAppSDK", "Note.Core\WAH.NoteSystem.Core.WinAppSDK.csproj", "{A232CF56-C6B0-41B9-814F-A81671293569}"
EndProject
Project("{9A19103F-16F7-4668-BE54-9A1E7A4F7556}") = "StickyNote", "StickyNote\StickyNote.csproj", "{3570D99C-7EAF-4802-A847-EEC48C1E0C90}"
EndProject
Project("{D954291E-2A0B-460D-934E-DC6B0785DB48}") = "WAH.NoteSystem.UI", "WAH.NoteSystem.UI\WAH.NoteSystem.UI.shproj", "{2E4DCAD0-5B43-417F-8AA0-7E390AAE4F1F}"
EndProject
Project("{FAE04EC0-301F-11D3-BF4B-00C04F79EFBC}") = "WAH.NoteSystem.UI.UWP", "WAH.NoteSystem.UI.UWP\WAH.NoteSystem.UI.UWP.csproj", "{E8750A5B-605F-41B7-A8A9-D8E04108A970}"
EndProject
Project("{D954291E-2A0B-460D-934E-DC6B0785DB48}") = "WAH.NoteSystem.Core", "WAH.NoteSystem.Core\WAH.NoteSystem.Core.shproj", "{A6C20C20-FC4A-4A80-92D4-DF7B69D2D4C2}"
EndProject
Project("{FAE04EC0-301F-11D3-BF4B-00C04F79EFBC}") = "WAH.NoteSystem.Core.UWP", "WAH.NoteSystem.Core.UWP\WAH.NoteSystem.Core.UWP.csproj", "{01DC0176-DE3D-4AEE-8032-9E8A5DD51BF1}"
EndProject
Project("{FAE04EC0-301F-11D3-BF4B-00C04F79EFBC}") = "StickyNote.UWP", "StickyNote.UWP\StickyNote.UWP.csproj", "{85FFC61F-D9B1-4B3A-B682-1B0E32287F73}"
EndProject
Project("{2150E333-8FDC-42A3-9474-1A3956D46DE8}") = "Get.TextEditor", "Get.TextEditor", "{74D358C4-EB61-4899-B1F8-3B39ECCE00C0}"
EndProject
Project("{FAE04EC0-301F-11D3-BF4B-00C04F79EFBC}") = "Get.TextEditor.UWP", "D:\Programming\VS\Get.TextEditor\Get.TextEditor.UWP\Get.TextEditor.UWP.csproj", "{AF100E33-B321-48F8-A295-985176CCF5B2}"
EndProject
Project("{9A19103F-16F7-4668-BE54-9A1E7A4F7556}") = "Get.RichTextKit", "D:\Programming\VS\Get.TextEditor\RichTextKit\Get.RichTextKit\Get.RichTextKit.csproj", "{572B3F3D-071B-4EB6-9BC1-BEDAF4664E77}"
EndProject
Project("{9A19103F-16F7-4668-BE54-9A1E7A4F7556}") = "Get.TextEditor.WinUI", "D:\Programming\VS\Get.TextEditor\Get.TextEditor.WinUI\Get.TextEditor.WinUI.csproj", "{DA61291B-B653-4C47-85AA-00EFBE739FF7}"
EndProject
Project("{2150E333-8FDC-42A3-9474-1A3956D46DE8}") = "Platforms", "Platforms", "{3DECC164-04DA-4742-A5EC-6A40FB15A4B1}"
EndProject
Project("{9A19103F-16F7-4668-BE54-9A1E7A4F7556}") = "Get.RichTextKit.Editor.Paragraphs", "D:\Programming\VS\Get.TextEditor\Get.RichTextKit.Paragraphs\Get.RichTextKit.Editor.Paragraphs.csproj", "{F1779857-64DB-401B-A946-87B82761846A}"
EndProject
Project("{9A19103F-16F7-4668-BE54-9A1E7A4F7556}") = "MethodInjector", "D:\Programming\VS\Get.TextEditor\MethodInjector\MethodInjector.csproj", "{66E52A7D-DB03-45D1-B813-AF259209B06D}"
EndProject
Project("{9A19103F-16F7-4668-BE54-9A1E7A4F7556}") = "Get.RichTextKit.Data", "D:\Programming\VS\Get.TextEditor\Get.RichTextKit.Data\Get.RichTextKit.Data.csproj", "{B95F9ECF-A540-4075-A1AF-B2AA206AD622}"
EndProject
Project("{9A19103F-16F7-4668-BE54-9A1E7A4F7556}") = "RtfParser", "D:\Programming\VS\Get.TextEditor\RtfParser\RtfParser.csproj", "{7D1D3452-76F5-4BC4-8D74-3AABA1861CFE}"
EndProject
Project("{9A19103F-16F7-4668-BE54-9A1E7A4F7556}") = "Get.TextEditor.RTF", "D:\Programming\VS\Get.TextEditor\Get.TextEditor.RTF\Get.TextEditor.RTF.csproj", "{1D20E235-CDEE-4ABA-8EFA-77898A3B8575}"
EndProject
Project("{2150E333-8FDC-42A3-9474-1A3956D46DE8}") = "RichTextKit", "RichTextKit", "{06DFB302-BF86-4C65-B3E5-246BE031CB92}"
EndProject
Project("{D954291E-2A0B-460D-934E-DC6B0785DB48}") = "Get.TextEditor.Shared", "D:\Programming\VS\Get.TextEditor\Get.TextEditor.Shared\Get.TextEditor.Shared.shproj", "{8B2D57FD-A230-4794-A39F-4E4E32981801}"
EndProject
Project("{2150E333-8FDC-42A3-9474-1A3956D46DE8}") = "TextEditor.Platforms", "TextEditor.Platforms", "{F4EFD08D-96B8-4A84-A01F-898281C1753B}"
EndProject
Project("{2150E333-8FDC-42A3-9474-1A3956D46DE8}") = "Helpers", "Helpers", "{F8F2D27C-B1BC-47D9-871E-95B3FBC7FA91}"
EndProject
Global
	GlobalSection(SolutionConfigurationPlatforms) = preSolution
		Debug|Any CPU = Debug|Any CPU
		Debug|ARM = Debug|ARM
		Debug|ARM64 = Debug|ARM64
		Debug|x64 = Debug|x64
		Debug|x86 = Debug|x86
		Release|Any CPU = Release|Any CPU
		Release|ARM = Release|ARM
		Release|ARM64 = Release|ARM64
		Release|x64 = Release|x64
		Release|x86 = Release|x86
	EndGlobalSection
	GlobalSection(ProjectConfigurationPlatforms) = postSolution
		{C787F8BE-8897-4ED5-97F2-237572CCC8BB}.Debug|Any CPU.ActiveCfg = Debug|x64
		{C787F8BE-8897-4ED5-97F2-237572CCC8BB}.Debug|Any CPU.Build.0 = Debug|x64
		{C787F8BE-8897-4ED5-97F2-237572CCC8BB}.Debug|Any CPU.Deploy.0 = Debug|x64
		{C787F8BE-8897-4ED5-97F2-237572CCC8BB}.Debug|ARM.ActiveCfg = Debug|Any CPU
		{C787F8BE-8897-4ED5-97F2-237572CCC8BB}.Debug|ARM.Build.0 = Debug|Any CPU
		{C787F8BE-8897-4ED5-97F2-237572CCC8BB}.Debug|ARM.Deploy.0 = Debug|Any CPU
		{C787F8BE-8897-4ED5-97F2-237572CCC8BB}.Debug|ARM64.ActiveCfg = Debug|ARM64
		{C787F8BE-8897-4ED5-97F2-237572CCC8BB}.Debug|ARM64.Build.0 = Debug|ARM64
		{C787F8BE-8897-4ED5-97F2-237572CCC8BB}.Debug|ARM64.Deploy.0 = Debug|ARM64
		{C787F8BE-8897-4ED5-97F2-237572CCC8BB}.Debug|x64.ActiveCfg = Debug|x64
		{C787F8BE-8897-4ED5-97F2-237572CCC8BB}.Debug|x64.Build.0 = Debug|x64
		{C787F8BE-8897-4ED5-97F2-237572CCC8BB}.Debug|x64.Deploy.0 = Debug|x64
		{C787F8BE-8897-4ED5-97F2-237572CCC8BB}.Debug|x86.ActiveCfg = Debug|x86
		{C787F8BE-8897-4ED5-97F2-237572CCC8BB}.Debug|x86.Build.0 = Debug|x86
		{C787F8BE-8897-4ED5-97F2-237572CCC8BB}.Debug|x86.Deploy.0 = Debug|x86
		{C787F8BE-8897-4ED5-97F2-237572CCC8BB}.Release|Any CPU.ActiveCfg = Release|x64
		{C787F8BE-8897-4ED5-97F2-237572CCC8BB}.Release|Any CPU.Build.0 = Release|x64
		{C787F8BE-8897-4ED5-97F2-237572CCC8BB}.Release|Any CPU.Deploy.0 = Release|x64
		{C787F8BE-8897-4ED5-97F2-237572CCC8BB}.Release|ARM.ActiveCfg = Release|Any CPU
		{C787F8BE-8897-4ED5-97F2-237572CCC8BB}.Release|ARM.Build.0 = Release|Any CPU
		{C787F8BE-8897-4ED5-97F2-237572CCC8BB}.Release|ARM.Deploy.0 = Release|Any CPU
		{C787F8BE-8897-4ED5-97F2-237572CCC8BB}.Release|ARM64.ActiveCfg = Release|ARM64
		{C787F8BE-8897-4ED5-97F2-237572CCC8BB}.Release|ARM64.Build.0 = Release|ARM64
		{C787F8BE-8897-4ED5-97F2-237572CCC8BB}.Release|ARM64.Deploy.0 = Release|ARM64
		{C787F8BE-8897-4ED5-97F2-237572CCC8BB}.Release|x64.ActiveCfg = Release|x64
		{C787F8BE-8897-4ED5-97F2-237572CCC8BB}.Release|x64.Build.0 = Release|x64
		{C787F8BE-8897-4ED5-97F2-237572CCC8BB}.Release|x64.Deploy.0 = Release|x64
		{C787F8BE-8897-4ED5-97F2-237572CCC8BB}.Release|x86.ActiveCfg = Release|x86
		{C787F8BE-8897-4ED5-97F2-237572CCC8BB}.Release|x86.Build.0 = Release|x86
		{C787F8BE-8897-4ED5-97F2-237572CCC8BB}.Release|x86.Deploy.0 = Release|x86
		{00D8356E-3416-4FBB-9E58-C78C30F83A46}.Debug|Any CPU.ActiveCfg = Debug|Any CPU
		{00D8356E-3416-4FBB-9E58-C78C30F83A46}.Debug|Any CPU.Build.0 = Debug|Any CPU
		{00D8356E-3416-4FBB-9E58-C78C30F83A46}.Debug|ARM.ActiveCfg = Debug|Any CPU
		{00D8356E-3416-4FBB-9E58-C78C30F83A46}.Debug|ARM.Build.0 = Debug|Any CPU
		{00D8356E-3416-4FBB-9E58-C78C30F83A46}.Debug|ARM64.ActiveCfg = Debug|Any CPU
		{00D8356E-3416-4FBB-9E58-C78C30F83A46}.Debug|ARM64.Build.0 = Debug|Any CPU
		{00D8356E-3416-4FBB-9E58-C78C30F83A46}.Debug|x64.ActiveCfg = Debug|Any CPU
		{00D8356E-3416-4FBB-9E58-C78C30F83A46}.Debug|x64.Build.0 = Debug|Any CPU
		{00D8356E-3416-4FBB-9E58-C78C30F83A46}.Debug|x86.ActiveCfg = Debug|Any CPU
		{00D8356E-3416-4FBB-9E58-C78C30F83A46}.Debug|x86.Build.0 = Debug|Any CPU
		{00D8356E-3416-4FBB-9E58-C78C30F83A46}.Release|Any CPU.ActiveCfg = Release|Any CPU
		{00D8356E-3416-4FBB-9E58-C78C30F83A46}.Release|Any CPU.Build.0 = Release|Any CPU
		{00D8356E-3416-4FBB-9E58-C78C30F83A46}.Release|ARM.ActiveCfg = Release|Any CPU
		{00D8356E-3416-4FBB-9E58-C78C30F83A46}.Release|ARM.Build.0 = Release|Any CPU
		{00D8356E-3416-4FBB-9E58-C78C30F83A46}.Release|ARM64.ActiveCfg = Release|Any CPU
		{00D8356E-3416-4FBB-9E58-C78C30F83A46}.Release|ARM64.Build.0 = Release|Any CPU
		{00D8356E-3416-4FBB-9E58-C78C30F83A46}.Release|x64.ActiveCfg = Release|Any CPU
		{00D8356E-3416-4FBB-9E58-C78C30F83A46}.Release|x64.Build.0 = Release|Any CPU
		{00D8356E-3416-4FBB-9E58-C78C30F83A46}.Release|x86.ActiveCfg = Release|Any CPU
		{00D8356E-3416-4FBB-9E58-C78C30F83A46}.Release|x86.Build.0 = Release|Any CPU
		{A232CF56-C6B0-41B9-814F-A81671293569}.Debug|Any CPU.ActiveCfg = Debug|Any CPU
		{A232CF56-C6B0-41B9-814F-A81671293569}.Debug|Any CPU.Build.0 = Debug|Any CPU
		{A232CF56-C6B0-41B9-814F-A81671293569}.Debug|ARM.ActiveCfg = Debug|Any CPU
		{A232CF56-C6B0-41B9-814F-A81671293569}.Debug|ARM.Build.0 = Debug|Any CPU
		{A232CF56-C6B0-41B9-814F-A81671293569}.Debug|ARM64.ActiveCfg = Debug|Any CPU
		{A232CF56-C6B0-41B9-814F-A81671293569}.Debug|ARM64.Build.0 = Debug|Any CPU
		{A232CF56-C6B0-41B9-814F-A81671293569}.Debug|x64.ActiveCfg = Debug|Any CPU
		{A232CF56-C6B0-41B9-814F-A81671293569}.Debug|x64.Build.0 = Debug|Any CPU
		{A232CF56-C6B0-41B9-814F-A81671293569}.Debug|x86.ActiveCfg = Debug|Any CPU
		{A232CF56-C6B0-41B9-814F-A81671293569}.Debug|x86.Build.0 = Debug|Any CPU
		{A232CF56-C6B0-41B9-814F-A81671293569}.Release|Any CPU.ActiveCfg = Release|Any CPU
		{A232CF56-C6B0-41B9-814F-A81671293569}.Release|Any CPU.Build.0 = Release|Any CPU
		{A232CF56-C6B0-41B9-814F-A81671293569}.Release|ARM.ActiveCfg = Release|Any CPU
		{A232CF56-C6B0-41B9-814F-A81671293569}.Release|ARM.Build.0 = Release|Any CPU
		{A232CF56-C6B0-41B9-814F-A81671293569}.Release|ARM64.ActiveCfg = Release|Any CPU
		{A232CF56-C6B0-41B9-814F-A81671293569}.Release|ARM64.Build.0 = Release|Any CPU
		{A232CF56-C6B0-41B9-814F-A81671293569}.Release|x64.ActiveCfg = Release|Any CPU
		{A232CF56-C6B0-41B9-814F-A81671293569}.Release|x64.Build.0 = Release|Any CPU
		{A232CF56-C6B0-41B9-814F-A81671293569}.Release|x86.ActiveCfg = Release|Any CPU
		{A232CF56-C6B0-41B9-814F-A81671293569}.Release|x86.Build.0 = Release|Any CPU
		{3570D99C-7EAF-4802-A847-EEC48C1E0C90}.Debug|Any CPU.ActiveCfg = Debug|x64
		{3570D99C-7EAF-4802-A847-EEC48C1E0C90}.Debug|Any CPU.Build.0 = Debug|x64
		{3570D99C-7EAF-4802-A847-EEC48C1E0C90}.Debug|Any CPU.Deploy.0 = Debug|x64
		{3570D99C-7EAF-4802-A847-EEC48C1E0C90}.Debug|ARM.ActiveCfg = Debug|x64
		{3570D99C-7EAF-4802-A847-EEC48C1E0C90}.Debug|ARM.Build.0 = Debug|x64
		{3570D99C-7EAF-4802-A847-EEC48C1E0C90}.Debug|ARM.Deploy.0 = Debug|x64
		{3570D99C-7EAF-4802-A847-EEC48C1E0C90}.Debug|ARM64.ActiveCfg = Debug|ARM64
		{3570D99C-7EAF-4802-A847-EEC48C1E0C90}.Debug|ARM64.Build.0 = Debug|ARM64
		{3570D99C-7EAF-4802-A847-EEC48C1E0C90}.Debug|ARM64.Deploy.0 = Debug|ARM64
		{3570D99C-7EAF-4802-A847-EEC48C1E0C90}.Debug|x64.ActiveCfg = Debug|x64
		{3570D99C-7EAF-4802-A847-EEC48C1E0C90}.Debug|x64.Build.0 = Debug|x64
		{3570D99C-7EAF-4802-A847-EEC48C1E0C90}.Debug|x64.Deploy.0 = Debug|x64
		{3570D99C-7EAF-4802-A847-EEC48C1E0C90}.Debug|x86.ActiveCfg = Debug|x86
		{3570D99C-7EAF-4802-A847-EEC48C1E0C90}.Debug|x86.Build.0 = Debug|x86
		{3570D99C-7EAF-4802-A847-EEC48C1E0C90}.Debug|x86.Deploy.0 = Debug|x86
		{3570D99C-7EAF-4802-A847-EEC48C1E0C90}.Release|Any CPU.ActiveCfg = Release|x64
		{3570D99C-7EAF-4802-A847-EEC48C1E0C90}.Release|Any CPU.Build.0 = Release|x64
		{3570D99C-7EAF-4802-A847-EEC48C1E0C90}.Release|Any CPU.Deploy.0 = Release|x64
		{3570D99C-7EAF-4802-A847-EEC48C1E0C90}.Release|ARM.ActiveCfg = Release|x64
		{3570D99C-7EAF-4802-A847-EEC48C1E0C90}.Release|ARM.Build.0 = Release|x64
		{3570D99C-7EAF-4802-A847-EEC48C1E0C90}.Release|ARM.Deploy.0 = Release|x64
		{3570D99C-7EAF-4802-A847-EEC48C1E0C90}.Release|ARM64.ActiveCfg = Release|ARM64
		{3570D99C-7EAF-4802-A847-EEC48C1E0C90}.Release|ARM64.Build.0 = Release|ARM64
		{3570D99C-7EAF-4802-A847-EEC48C1E0C90}.Release|ARM64.Deploy.0 = Release|ARM64
		{3570D99C-7EAF-4802-A847-EEC48C1E0C90}.Release|x64.ActiveCfg = Release|x64
		{3570D99C-7EAF-4802-A847-EEC48C1E0C90}.Release|x64.Build.0 = Release|x64
		{3570D99C-7EAF-4802-A847-EEC48C1E0C90}.Release|x64.Deploy.0 = Release|x64
		{3570D99C-7EAF-4802-A847-EEC48C1E0C90}.Release|x86.ActiveCfg = Release|x86
		{3570D99C-7EAF-4802-A847-EEC48C1E0C90}.Release|x86.Build.0 = Release|x86
		{3570D99C-7EAF-4802-A847-EEC48C1E0C90}.Release|x86.Deploy.0 = Release|x86
		{E8750A5B-605F-41B7-A8A9-D8E04108A970}.Debug|Any CPU.ActiveCfg = Debug|Any CPU
		{E8750A5B-605F-41B7-A8A9-D8E04108A970}.Debug|Any CPU.Build.0 = Debug|Any CPU
		{E8750A5B-605F-41B7-A8A9-D8E04108A970}.Debug|ARM.ActiveCfg = Debug|ARM
		{E8750A5B-605F-41B7-A8A9-D8E04108A970}.Debug|ARM.Build.0 = Debug|ARM
		{E8750A5B-605F-41B7-A8A9-D8E04108A970}.Debug|ARM64.ActiveCfg = Debug|ARM64
		{E8750A5B-605F-41B7-A8A9-D8E04108A970}.Debug|ARM64.Build.0 = Debug|ARM64
		{E8750A5B-605F-41B7-A8A9-D8E04108A970}.Debug|x64.ActiveCfg = Debug|x64
		{E8750A5B-605F-41B7-A8A9-D8E04108A970}.Debug|x64.Build.0 = Debug|x64
		{E8750A5B-605F-41B7-A8A9-D8E04108A970}.Debug|x86.ActiveCfg = Debug|x86
		{E8750A5B-605F-41B7-A8A9-D8E04108A970}.Debug|x86.Build.0 = Debug|x86
		{E8750A5B-605F-41B7-A8A9-D8E04108A970}.Release|Any CPU.ActiveCfg = Release|Any CPU
		{E8750A5B-605F-41B7-A8A9-D8E04108A970}.Release|Any CPU.Build.0 = Release|Any CPU
		{E8750A5B-605F-41B7-A8A9-D8E04108A970}.Release|ARM.ActiveCfg = Release|ARM
		{E8750A5B-605F-41B7-A8A9-D8E04108A970}.Release|ARM.Build.0 = Release|ARM
		{E8750A5B-605F-41B7-A8A9-D8E04108A970}.Release|ARM64.ActiveCfg = Release|ARM64
		{E8750A5B-605F-41B7-A8A9-D8E04108A970}.Release|ARM64.Build.0 = Release|ARM64
		{E8750A5B-605F-41B7-A8A9-D8E04108A970}.Release|x64.ActiveCfg = Release|x64
		{E8750A5B-605F-41B7-A8A9-D8E04108A970}.Release|x64.Build.0 = Release|x64
		{E8750A5B-605F-41B7-A8A9-D8E04108A970}.Release|x86.ActiveCfg = Release|x86
		{E8750A5B-605F-41B7-A8A9-D8E04108A970}.Release|x86.Build.0 = Release|x86
		{01DC0176-DE3D-4AEE-8032-9E8A5DD51BF1}.Debug|Any CPU.ActiveCfg = Debug|Any CPU
		{01DC0176-DE3D-4AEE-8032-9E8A5DD51BF1}.Debug|Any CPU.Build.0 = Debug|Any CPU
		{01DC0176-DE3D-4AEE-8032-9E8A5DD51BF1}.Debug|ARM.ActiveCfg = Debug|ARM
		{01DC0176-DE3D-4AEE-8032-9E8A5DD51BF1}.Debug|ARM.Build.0 = Debug|ARM
		{01DC0176-DE3D-4AEE-8032-9E8A5DD51BF1}.Debug|ARM64.ActiveCfg = Debug|ARM64
		{01DC0176-DE3D-4AEE-8032-9E8A5DD51BF1}.Debug|ARM64.Build.0 = Debug|ARM64
		{01DC0176-DE3D-4AEE-8032-9E8A5DD51BF1}.Debug|x64.ActiveCfg = Debug|x64
		{01DC0176-DE3D-4AEE-8032-9E8A5DD51BF1}.Debug|x64.Build.0 = Debug|x64
		{01DC0176-DE3D-4AEE-8032-9E8A5DD51BF1}.Debug|x86.ActiveCfg = Debug|x86
		{01DC0176-DE3D-4AEE-8032-9E8A5DD51BF1}.Debug|x86.Build.0 = Debug|x86
		{01DC0176-DE3D-4AEE-8032-9E8A5DD51BF1}.Release|Any CPU.ActiveCfg = Release|Any CPU
		{01DC0176-DE3D-4AEE-8032-9E8A5DD51BF1}.Release|Any CPU.Build.0 = Release|Any CPU
		{01DC0176-DE3D-4AEE-8032-9E8A5DD51BF1}.Release|ARM.ActiveCfg = Release|ARM
		{01DC0176-DE3D-4AEE-8032-9E8A5DD51BF1}.Release|ARM.Build.0 = Release|ARM
		{01DC0176-DE3D-4AEE-8032-9E8A5DD51BF1}.Release|ARM64.ActiveCfg = Release|ARM64
		{01DC0176-DE3D-4AEE-8032-9E8A5DD51BF1}.Release|ARM64.Build.0 = Release|ARM64
		{01DC0176-DE3D-4AEE-8032-9E8A5DD51BF1}.Release|x64.ActiveCfg = Release|x64
		{01DC0176-DE3D-4AEE-8032-9E8A5DD51BF1}.Release|x64.Build.0 = Release|x64
		{01DC0176-DE3D-4AEE-8032-9E8A5DD51BF1}.Release|x86.ActiveCfg = Release|x86
		{01DC0176-DE3D-4AEE-8032-9E8A5DD51BF1}.Release|x86.Build.0 = Release|x86
		{85FFC61F-D9B1-4B3A-B682-1B0E32287F73}.Debug|Any CPU.ActiveCfg = Debug|x64
		{85FFC61F-D9B1-4B3A-B682-1B0E32287F73}.Debug|Any CPU.Build.0 = Debug|x64
		{85FFC61F-D9B1-4B3A-B682-1B0E32287F73}.Debug|Any CPU.Deploy.0 = Debug|x64
		{85FFC61F-D9B1-4B3A-B682-1B0E32287F73}.Debug|ARM.ActiveCfg = Debug|ARM
		{85FFC61F-D9B1-4B3A-B682-1B0E32287F73}.Debug|ARM.Build.0 = Debug|ARM
		{85FFC61F-D9B1-4B3A-B682-1B0E32287F73}.Debug|ARM.Deploy.0 = Debug|ARM
		{85FFC61F-D9B1-4B3A-B682-1B0E32287F73}.Debug|ARM64.ActiveCfg = Debug|ARM64
		{85FFC61F-D9B1-4B3A-B682-1B0E32287F73}.Debug|ARM64.Build.0 = Debug|ARM64
		{85FFC61F-D9B1-4B3A-B682-1B0E32287F73}.Debug|ARM64.Deploy.0 = Debug|ARM64
		{85FFC61F-D9B1-4B3A-B682-1B0E32287F73}.Debug|x64.ActiveCfg = Debug|x64
		{85FFC61F-D9B1-4B3A-B682-1B0E32287F73}.Debug|x64.Build.0 = Debug|x64
		{85FFC61F-D9B1-4B3A-B682-1B0E32287F73}.Debug|x64.Deploy.0 = Debug|x64
		{85FFC61F-D9B1-4B3A-B682-1B0E32287F73}.Debug|x86.ActiveCfg = Debug|x86
		{85FFC61F-D9B1-4B3A-B682-1B0E32287F73}.Debug|x86.Build.0 = Debug|x86
		{85FFC61F-D9B1-4B3A-B682-1B0E32287F73}.Debug|x86.Deploy.0 = Debug|x86
		{85FFC61F-D9B1-4B3A-B682-1B0E32287F73}.Release|Any CPU.ActiveCfg = Release|x64
		{85FFC61F-D9B1-4B3A-B682-1B0E32287F73}.Release|Any CPU.Build.0 = Release|x64
		{85FFC61F-D9B1-4B3A-B682-1B0E32287F73}.Release|Any CPU.Deploy.0 = Release|x64
		{85FFC61F-D9B1-4B3A-B682-1B0E32287F73}.Release|ARM.ActiveCfg = Release|ARM
		{85FFC61F-D9B1-4B3A-B682-1B0E32287F73}.Release|ARM.Build.0 = Release|ARM
		{85FFC61F-D9B1-4B3A-B682-1B0E32287F73}.Release|ARM.Deploy.0 = Release|ARM
		{85FFC61F-D9B1-4B3A-B682-1B0E32287F73}.Release|ARM64.ActiveCfg = Release|ARM64
		{85FFC61F-D9B1-4B3A-B682-1B0E32287F73}.Release|ARM64.Build.0 = Release|ARM64
		{85FFC61F-D9B1-4B3A-B682-1B0E32287F73}.Release|ARM64.Deploy.0 = Release|ARM64
		{85FFC61F-D9B1-4B3A-B682-1B0E32287F73}.Release|x64.ActiveCfg = Release|x64
		{85FFC61F-D9B1-4B3A-B682-1B0E32287F73}.Release|x64.Build.0 = Release|x64
		{85FFC61F-D9B1-4B3A-B682-1B0E32287F73}.Release|x64.Deploy.0 = Release|x64
		{85FFC61F-D9B1-4B3A-B682-1B0E32287F73}.Release|x86.ActiveCfg = Release|x86
		{85FFC61F-D9B1-4B3A-B682-1B0E32287F73}.Release|x86.Build.0 = Release|x86
		{85FFC61F-D9B1-4B3A-B682-1B0E32287F73}.Release|x86.Deploy.0 = Release|x86
		{AF100E33-B321-48F8-A295-985176CCF5B2}.Debug|Any CPU.ActiveCfg = Debug|Any CPU
		{AF100E33-B321-48F8-A295-985176CCF5B2}.Debug|Any CPU.Build.0 = Debug|Any CPU
		{AF100E33-B321-48F8-A295-985176CCF5B2}.Debug|ARM.ActiveCfg = Debug|ARM
		{AF100E33-B321-48F8-A295-985176CCF5B2}.Debug|ARM.Build.0 = Debug|ARM
		{AF100E33-B321-48F8-A295-985176CCF5B2}.Debug|ARM64.ActiveCfg = Debug|ARM64
		{AF100E33-B321-48F8-A295-985176CCF5B2}.Debug|ARM64.Build.0 = Debug|ARM64
		{AF100E33-B321-48F8-A295-985176CCF5B2}.Debug|x64.ActiveCfg = Debug|x64
		{AF100E33-B321-48F8-A295-985176CCF5B2}.Debug|x64.Build.0 = Debug|x64
		{AF100E33-B321-48F8-A295-985176CCF5B2}.Debug|x86.ActiveCfg = Debug|x86
		{AF100E33-B321-48F8-A295-985176CCF5B2}.Debug|x86.Build.0 = Debug|x86
		{AF100E33-B321-48F8-A295-985176CCF5B2}.Release|Any CPU.ActiveCfg = Release|Any CPU
		{AF100E33-B321-48F8-A295-985176CCF5B2}.Release|Any CPU.Build.0 = Release|Any CPU
		{AF100E33-B321-48F8-A295-985176CCF5B2}.Release|ARM.ActiveCfg = Release|ARM
		{AF100E33-B321-48F8-A295-985176CCF5B2}.Release|ARM.Build.0 = Release|ARM
		{AF100E33-B321-48F8-A295-985176CCF5B2}.Release|ARM64.ActiveCfg = Release|ARM64
		{AF100E33-B321-48F8-A295-985176CCF5B2}.Release|ARM64.Build.0 = Release|ARM64
		{AF100E33-B321-48F8-A295-985176CCF5B2}.Release|x64.ActiveCfg = Release|x64
		{AF100E33-B321-48F8-A295-985176CCF5B2}.Release|x64.Build.0 = Release|x64
		{AF100E33-B321-48F8-A295-985176CCF5B2}.Release|x86.ActiveCfg = Release|x86
		{AF100E33-B321-48F8-A295-985176CCF5B2}.Release|x86.Build.0 = Release|x86
		{572B3F3D-071B-4EB6-9BC1-BEDAF4664E77}.Debug|Any CPU.ActiveCfg = Debug|Any CPU
		{572B3F3D-071B-4EB6-9BC1-BEDAF4664E77}.Debug|Any CPU.Build.0 = Debug|Any CPU
		{572B3F3D-071B-4EB6-9BC1-BEDAF4664E77}.Debug|ARM.ActiveCfg = Debug|Any CPU
		{572B3F3D-071B-4EB6-9BC1-BEDAF4664E77}.Debug|ARM.Build.0 = Debug|Any CPU
		{572B3F3D-071B-4EB6-9BC1-BEDAF4664E77}.Debug|ARM64.ActiveCfg = Debug|Any CPU
		{572B3F3D-071B-4EB6-9BC1-BEDAF4664E77}.Debug|ARM64.Build.0 = Debug|Any CPU
		{572B3F3D-071B-4EB6-9BC1-BEDAF4664E77}.Debug|x64.ActiveCfg = Debug|Any CPU
		{572B3F3D-071B-4EB6-9BC1-BEDAF4664E77}.Debug|x64.Build.0 = Debug|Any CPU
		{572B3F3D-071B-4EB6-9BC1-BEDAF4664E77}.Debug|x86.ActiveCfg = Debug|Any CPU
		{572B3F3D-071B-4EB6-9BC1-BEDAF4664E77}.Debug|x86.Build.0 = Debug|Any CPU
		{572B3F3D-071B-4EB6-9BC1-BEDAF4664E77}.Release|Any CPU.ActiveCfg = Release|Any CPU
		{572B3F3D-071B-4EB6-9BC1-BEDAF4664E77}.Release|Any CPU.Build.0 = Release|Any CPU
		{572B3F3D-071B-4EB6-9BC1-BEDAF4664E77}.Release|ARM.ActiveCfg = Release|Any CPU
		{572B3F3D-071B-4EB6-9BC1-BEDAF4664E77}.Release|ARM.Build.0 = Release|Any CPU
		{572B3F3D-071B-4EB6-9BC1-BEDAF4664E77}.Release|ARM64.ActiveCfg = Release|Any CPU
		{572B3F3D-071B-4EB6-9BC1-BEDAF4664E77}.Release|ARM64.Build.0 = Release|Any CPU
		{572B3F3D-071B-4EB6-9BC1-BEDAF4664E77}.Release|x64.ActiveCfg = Release|Any CPU
		{572B3F3D-071B-4EB6-9BC1-BEDAF4664E77}.Release|x64.Build.0 = Release|Any CPU
		{572B3F3D-071B-4EB6-9BC1-BEDAF4664E77}.Release|x86.ActiveCfg = Release|Any CPU
		{572B3F3D-071B-4EB6-9BC1-BEDAF4664E77}.Release|x86.Build.0 = Release|Any CPU
		{DA61291B-B653-4C47-85AA-00EFBE739FF7}.Debug|Any CPU.ActiveCfg = Debug|Any CPU
		{DA61291B-B653-4C47-85AA-00EFBE739FF7}.Debug|Any CPU.Build.0 = Debug|Any CPU
		{DA61291B-B653-4C47-85AA-00EFBE739FF7}.Debug|ARM.ActiveCfg = Debug|Any CPU
		{DA61291B-B653-4C47-85AA-00EFBE739FF7}.Debug|ARM.Build.0 = Debug|Any CPU
		{DA61291B-B653-4C47-85AA-00EFBE739FF7}.Debug|ARM64.ActiveCfg = Debug|Any CPU
		{DA61291B-B653-4C47-85AA-00EFBE739FF7}.Debug|ARM64.Build.0 = Debug|Any CPU
		{DA61291B-B653-4C47-85AA-00EFBE739FF7}.Debug|x64.ActiveCfg = Debug|Any CPU
		{DA61291B-B653-4C47-85AA-00EFBE739FF7}.Debug|x64.Build.0 = Debug|Any CPU
		{DA61291B-B653-4C47-85AA-00EFBE739FF7}.Debug|x86.ActiveCfg = Debug|Any CPU
		{DA61291B-B653-4C47-85AA-00EFBE739FF7}.Debug|x86.Build.0 = Debug|Any CPU
		{DA61291B-B653-4C47-85AA-00EFBE739FF7}.Release|Any CPU.ActiveCfg = Release|Any CPU
		{DA61291B-B653-4C47-85AA-00EFBE739FF7}.Release|Any CPU.Build.0 = Release|Any CPU
		{DA61291B-B653-4C47-85AA-00EFBE739FF7}.Release|ARM.ActiveCfg = Release|Any CPU
		{DA61291B-B653-4C47-85AA-00EFBE739FF7}.Release|ARM.Build.0 = Release|Any CPU
		{DA61291B-B653-4C47-85AA-00EFBE739FF7}.Release|ARM64.ActiveCfg = Release|Any CPU
		{DA61291B-B653-4C47-85AA-00EFBE739FF7}.Release|ARM64.Build.0 = Release|Any CPU
		{DA61291B-B653-4C47-85AA-00EFBE739FF7}.Release|x64.ActiveCfg = Release|Any CPU
		{DA61291B-B653-4C47-85AA-00EFBE739FF7}.Release|x64.Build.0 = Release|Any CPU
		{DA61291B-B653-4C47-85AA-00EFBE739FF7}.Release|x86.ActiveCfg = Release|Any CPU
		{DA61291B-B653-4C47-85AA-00EFBE739FF7}.Release|x86.Build.0 = Release|Any CPU
		{F1779857-64DB-401B-A946-87B82761846A}.Debug|Any CPU.ActiveCfg = Debug|Any CPU
		{F1779857-64DB-401B-A946-87B82761846A}.Debug|Any CPU.Build.0 = Debug|Any CPU
		{F1779857-64DB-401B-A946-87B82761846A}.Debug|ARM.ActiveCfg = Debug|Any CPU
		{F1779857-64DB-401B-A946-87B82761846A}.Debug|ARM.Build.0 = Debug|Any CPU
		{F1779857-64DB-401B-A946-87B82761846A}.Debug|ARM64.ActiveCfg = Debug|Any CPU
		{F1779857-64DB-401B-A946-87B82761846A}.Debug|ARM64.Build.0 = Debug|Any CPU
		{F1779857-64DB-401B-A946-87B82761846A}.Debug|x64.ActiveCfg = Debug|Any CPU
		{F1779857-64DB-401B-A946-87B82761846A}.Debug|x64.Build.0 = Debug|Any CPU
		{F1779857-64DB-401B-A946-87B82761846A}.Debug|x86.ActiveCfg = Debug|Any CPU
		{F1779857-64DB-401B-A946-87B82761846A}.Debug|x86.Build.0 = Debug|Any CPU
		{F1779857-64DB-401B-A946-87B82761846A}.Release|Any CPU.ActiveCfg = Release|Any CPU
		{F1779857-64DB-401B-A946-87B82761846A}.Release|Any CPU.Build.0 = Release|Any CPU
		{F1779857-64DB-401B-A946-87B82761846A}.Release|ARM.ActiveCfg = Release|Any CPU
		{F1779857-64DB-401B-A946-87B82761846A}.Release|ARM.Build.0 = Release|Any CPU
		{F1779857-64DB-401B-A946-87B82761846A}.Release|ARM64.ActiveCfg = Release|Any CPU
		{F1779857-64DB-401B-A946-87B82761846A}.Release|ARM64.Build.0 = Release|Any CPU
		{F1779857-64DB-401B-A946-87B82761846A}.Release|x64.ActiveCfg = Release|Any CPU
		{F1779857-64DB-401B-A946-87B82761846A}.Release|x64.Build.0 = Release|Any CPU
		{F1779857-64DB-401B-A946-87B82761846A}.Release|x86.ActiveCfg = Release|Any CPU
		{F1779857-64DB-401B-A946-87B82761846A}.Release|x86.Build.0 = Release|Any CPU
		{66E52A7D-DB03-45D1-B813-AF259209B06D}.Debug|Any CPU.ActiveCfg = Debug|Any CPU
		{66E52A7D-DB03-45D1-B813-AF259209B06D}.Debug|Any CPU.Build.0 = Debug|Any CPU
		{66E52A7D-DB03-45D1-B813-AF259209B06D}.Debug|ARM.ActiveCfg = Debug|Any CPU
		{66E52A7D-DB03-45D1-B813-AF259209B06D}.Debug|ARM.Build.0 = Debug|Any CPU
		{66E52A7D-DB03-45D1-B813-AF259209B06D}.Debug|ARM64.ActiveCfg = Debug|Any CPU
		{66E52A7D-DB03-45D1-B813-AF259209B06D}.Debug|ARM64.Build.0 = Debug|Any CPU
		{66E52A7D-DB03-45D1-B813-AF259209B06D}.Debug|x64.ActiveCfg = Debug|Any CPU
		{66E52A7D-DB03-45D1-B813-AF259209B06D}.Debug|x64.Build.0 = Debug|Any CPU
		{66E52A7D-DB03-45D1-B813-AF259209B06D}.Debug|x86.ActiveCfg = Debug|Any CPU
		{66E52A7D-DB03-45D1-B813-AF259209B06D}.Debug|x86.Build.0 = Debug|Any CPU
		{66E52A7D-DB03-45D1-B813-AF259209B06D}.Release|Any CPU.ActiveCfg = Release|Any CPU
		{66E52A7D-DB03-45D1-B813-AF259209B06D}.Release|Any CPU.Build.0 = Release|Any CPU
		{66E52A7D-DB03-45D1-B813-AF259209B06D}.Release|ARM.ActiveCfg = Release|Any CPU
		{66E52A7D-DB03-45D1-B813-AF259209B06D}.Release|ARM.Build.0 = Release|Any CPU
		{66E52A7D-DB03-45D1-B813-AF259209B06D}.Release|ARM64.ActiveCfg = Release|Any CPU
		{66E52A7D-DB03-45D1-B813-AF259209B06D}.Release|ARM64.Build.0 = Release|Any CPU
		{66E52A7D-DB03-45D1-B813-AF259209B06D}.Release|x64.ActiveCfg = Release|Any CPU
		{66E52A7D-DB03-45D1-B813-AF259209B06D}.Release|x64.Build.0 = Release|Any CPU
		{66E52A7D-DB03-45D1-B813-AF259209B06D}.Release|x86.ActiveCfg = Release|Any CPU
		{66E52A7D-DB03-45D1-B813-AF259209B06D}.Release|x86.Build.0 = Release|Any CPU
		{B95F9ECF-A540-4075-A1AF-B2AA206AD622}.Debug|Any CPU.ActiveCfg = Debug|Any CPU
		{B95F9ECF-A540-4075-A1AF-B2AA206AD622}.Debug|Any CPU.Build.0 = Debug|Any CPU
		{B95F9ECF-A540-4075-A1AF-B2AA206AD622}.Debug|ARM.ActiveCfg = Debug|Any CPU
		{B95F9ECF-A540-4075-A1AF-B2AA206AD622}.Debug|ARM.Build.0 = Debug|Any CPU
		{B95F9ECF-A540-4075-A1AF-B2AA206AD622}.Debug|ARM64.ActiveCfg = Debug|Any CPU
		{B95F9ECF-A540-4075-A1AF-B2AA206AD622}.Debug|ARM64.Build.0 = Debug|Any CPU
		{B95F9ECF-A540-4075-A1AF-B2AA206AD622}.Debug|x64.ActiveCfg = Debug|Any CPU
		{B95F9ECF-A540-4075-A1AF-B2AA206AD622}.Debug|x64.Build.0 = Debug|Any CPU
		{B95F9ECF-A540-4075-A1AF-B2AA206AD622}.Debug|x86.ActiveCfg = Debug|Any CPU
		{B95F9ECF-A540-4075-A1AF-B2AA206AD622}.Debug|x86.Build.0 = Debug|Any CPU
		{B95F9ECF-A540-4075-A1AF-B2AA206AD622}.Release|Any CPU.ActiveCfg = Release|Any CPU
		{B95F9ECF-A540-4075-A1AF-B2AA206AD622}.Release|Any CPU.Build.0 = Release|Any CPU
		{B95F9ECF-A540-4075-A1AF-B2AA206AD622}.Release|ARM.ActiveCfg = Release|Any CPU
		{B95F9ECF-A540-4075-A1AF-B2AA206AD622}.Release|ARM.Build.0 = Release|Any CPU
		{B95F9ECF-A540-4075-A1AF-B2AA206AD622}.Release|ARM64.ActiveCfg = Release|Any CPU
		{B95F9ECF-A540-4075-A1AF-B2AA206AD622}.Release|ARM64.Build.0 = Release|Any CPU
		{B95F9ECF-A540-4075-A1AF-B2AA206AD622}.Release|x64.ActiveCfg = Release|Any CPU
		{B95F9ECF-A540-4075-A1AF-B2AA206AD622}.Release|x64.Build.0 = Release|Any CPU
		{B95F9ECF-A540-4075-A1AF-B2AA206AD622}.Release|x86.ActiveCfg = Release|Any CPU
		{B95F9ECF-A540-4075-A1AF-B2AA206AD622}.Release|x86.Build.0 = Release|Any CPU
		{7D1D3452-76F5-4BC4-8D74-3AABA1861CFE}.Debug|Any CPU.ActiveCfg = Debug|Any CPU
		{7D1D3452-76F5-4BC4-8D74-3AABA1861CFE}.Debug|Any CPU.Build.0 = Debug|Any CPU
		{7D1D3452-76F5-4BC4-8D74-3AABA1861CFE}.Debug|ARM.ActiveCfg = Debug|Any CPU
		{7D1D3452-76F5-4BC4-8D74-3AABA1861CFE}.Debug|ARM.Build.0 = Debug|Any CPU
		{7D1D3452-76F5-4BC4-8D74-3AABA1861CFE}.Debug|ARM64.ActiveCfg = Debug|Any CPU
		{7D1D3452-76F5-4BC4-8D74-3AABA1861CFE}.Debug|ARM64.Build.0 = Debug|Any CPU
		{7D1D3452-76F5-4BC4-8D74-3AABA1861CFE}.Debug|x64.ActiveCfg = Debug|Any CPU
		{7D1D3452-76F5-4BC4-8D74-3AABA1861CFE}.Debug|x64.Build.0 = Debug|Any CPU
		{7D1D3452-76F5-4BC4-8D74-3AABA1861CFE}.Debug|x86.ActiveCfg = Debug|Any CPU
		{7D1D3452-76F5-4BC4-8D74-3AABA1861CFE}.Debug|x86.Build.0 = Debug|Any CPU
		{7D1D3452-76F5-4BC4-8D74-3AABA1861CFE}.Release|Any CPU.ActiveCfg = Release|Any CPU
		{7D1D3452-76F5-4BC4-8D74-3AABA1861CFE}.Release|Any CPU.Build.0 = Release|Any CPU
		{7D1D3452-76F5-4BC4-8D74-3AABA1861CFE}.Release|ARM.ActiveCfg = Release|Any CPU
		{7D1D3452-76F5-4BC4-8D74-3AABA1861CFE}.Release|ARM.Build.0 = Release|Any CPU
		{7D1D3452-76F5-4BC4-8D74-3AABA1861CFE}.Release|ARM64.ActiveCfg = Release|Any CPU
		{7D1D3452-76F5-4BC4-8D74-3AABA1861CFE}.Release|ARM64.Build.0 = Release|Any CPU
		{7D1D3452-76F5-4BC4-8D74-3AABA1861CFE}.Release|x64.ActiveCfg = Release|Any CPU
		{7D1D3452-76F5-4BC4-8D74-3AABA1861CFE}.Release|x64.Build.0 = Release|Any CPU
		{7D1D3452-76F5-4BC4-8D74-3AABA1861CFE}.Release|x86.ActiveCfg = Release|Any CPU
		{7D1D3452-76F5-4BC4-8D74-3AABA1861CFE}.Release|x86.Build.0 = Release|Any CPU
		{1D20E235-CDEE-4ABA-8EFA-77898A3B8575}.Debug|Any CPU.ActiveCfg = Debug|Any CPU
		{1D20E235-CDEE-4ABA-8EFA-77898A3B8575}.Debug|Any CPU.Build.0 = Debug|Any CPU
		{1D20E235-CDEE-4ABA-8EFA-77898A3B8575}.Debug|ARM.ActiveCfg = Debug|Any CPU
		{1D20E235-CDEE-4ABA-8EFA-77898A3B8575}.Debug|ARM.Build.0 = Debug|Any CPU
		{1D20E235-CDEE-4ABA-8EFA-77898A3B8575}.Debug|ARM64.ActiveCfg = Debug|Any CPU
		{1D20E235-CDEE-4ABA-8EFA-77898A3B8575}.Debug|ARM64.Build.0 = Debug|Any CPU
		{1D20E235-CDEE-4ABA-8EFA-77898A3B8575}.Debug|x64.ActiveCfg = Debug|Any CPU
		{1D20E235-CDEE-4ABA-8EFA-77898A3B8575}.Debug|x64.Build.0 = Debug|Any CPU
		{1D20E235-CDEE-4ABA-8EFA-77898A3B8575}.Debug|x86.ActiveCfg = Debug|Any CPU
		{1D20E235-CDEE-4ABA-8EFA-77898A3B8575}.Debug|x86.Build.0 = Debug|Any CPU
		{1D20E235-CDEE-4ABA-8EFA-77898A3B8575}.Release|Any CPU.ActiveCfg = Release|Any CPU
		{1D20E235-CDEE-4ABA-8EFA-77898A3B8575}.Release|Any CPU.Build.0 = Release|Any CPU
		{1D20E235-CDEE-4ABA-8EFA-77898A3B8575}.Release|ARM.ActiveCfg = Release|Any CPU
		{1D20E235-CDEE-4ABA-8EFA-77898A3B8575}.Release|ARM.Build.0 = Release|Any CPU
		{1D20E235-CDEE-4ABA-8EFA-77898A3B8575}.Release|ARM64.ActiveCfg = Release|Any CPU
		{1D20E235-CDEE-4ABA-8EFA-77898A3B8575}.Release|ARM64.Build.0 = Release|Any CPU
		{1D20E235-CDEE-4ABA-8EFA-77898A3B8575}.Release|x64.ActiveCfg = Release|Any CPU
		{1D20E235-CDEE-4ABA-8EFA-77898A3B8575}.Release|x64.Build.0 = Release|Any CPU
		{1D20E235-CDEE-4ABA-8EFA-77898A3B8575}.Release|x86.ActiveCfg = Release|Any CPU
		{1D20E235-CDEE-4ABA-8EFA-77898A3B8575}.Release|x86.Build.0 = Release|Any CPU
	EndGlobalSection
	GlobalSection(SolutionProperties) = preSolution
		HideSolutionNode = FALSE
	EndGlobalSection
	GlobalSection(NestedProjects) = preSolution
		{00D8356E-3416-4FBB-9E58-C78C30F83A46} = {3DECC164-04DA-4742-A5EC-6A40FB15A4B1}
		{A232CF56-C6B0-41B9-814F-A81671293569} = {3DECC164-04DA-4742-A5EC-6A40FB15A4B1}
		{E8750A5B-605F-41B7-A8A9-D8E04108A970} = {3DECC164-04DA-4742-A5EC-6A40FB15A4B1}
		{01DC0176-DE3D-4AEE-8032-9E8A5DD51BF1} = {3DECC164-04DA-4742-A5EC-6A40FB15A4B1}
		{AF100E33-B321-48F8-A295-985176CCF5B2} = {F4EFD08D-96B8-4A84-A01F-898281C1753B}
		{572B3F3D-071B-4EB6-9BC1-BEDAF4664E77} = {06DFB302-BF86-4C65-B3E5-246BE031CB92}
		{DA61291B-B653-4C47-85AA-00EFBE739FF7} = {F4EFD08D-96B8-4A84-A01F-898281C1753B}
		{F1779857-64DB-401B-A946-87B82761846A} = {06DFB302-BF86-4C65-B3E5-246BE031CB92}
		{66E52A7D-DB03-45D1-B813-AF259209B06D} = {F8F2D27C-B1BC-47D9-871E-95B3FBC7FA91}
		{B95F9ECF-A540-4075-A1AF-B2AA206AD622} = {06DFB302-BF86-4C65-B3E5-246BE031CB92}
		{7D1D3452-76F5-4BC4-8D74-3AABA1861CFE} = {F8F2D27C-B1BC-47D9-871E-95B3FBC7FA91}
		{1D20E235-CDEE-4ABA-8EFA-77898A3B8575} = {74D358C4-EB61-4899-B1F8-3B39ECCE00C0}
		{06DFB302-BF86-4C65-B3E5-246BE031CB92} = {74D358C4-EB61-4899-B1F8-3B39ECCE00C0}
		{8B2D57FD-A230-4794-A39F-4E4E32981801} = {74D358C4-EB61-4899-B1F8-3B39ECCE00C0}
		{F4EFD08D-96B8-4A84-A01F-898281C1753B} = {74D358C4-EB61-4899-B1F8-3B39ECCE00C0}
		{F8F2D27C-B1BC-47D9-871E-95B3FBC7FA91} = {74D358C4-EB61-4899-B1F8-3B39ECCE00C0}
	EndGlobalSection
	GlobalSection(ExtensibilityGlobals) = postSolution
		SolutionGuid = {C2AF87DE-F48D-4F43-9B9E-87D5E55D25DA}
	EndGlobalSection
	GlobalSection(SharedMSBuildProjectFiles) = preSolution
		WAH.NoteSystem.UI\WAH.NoteSystem.UI.projitems*{00d8356e-3416-4fbb-9e58-c78c30f83a46}*SharedItemsImports = 5
		WAH.NoteSystem.Core\WAH.NoteSystem.Core.projitems*{01dc0176-de3d-4aee-8032-9e8a5dd51bf1}*SharedItemsImports = 4
		WAH.NoteSystem.UI\WAH.NoteSystem.UI.projitems*{2e4dcad0-5b43-417f-8aa0-7e390aae4f1f}*SharedItemsImports = 13
		D:\Programming\VS\Get.TextEditor\Get.TextEditor.Shared\Get.TextEditor.Shared.projitems*{8b2d57fd-a230-4794-a39f-4e4e32981801}*SharedItemsImports = 13
		WAH.NoteSystem.Core\WAH.NoteSystem.Core.projitems*{a232cf56-c6b0-41b9-814f-a81671293569}*SharedItemsImports = 5
		WAH.NoteSystem.Core\WAH.NoteSystem.Core.projitems*{a6c20c20-fc4a-4a80-92d4-df7b69d2d4c2}*SharedItemsImports = 13
		D:\Programming\VS\Get.TextEditor\Get.TextEditor.Shared\Get.TextEditor.Shared.projitems*{af100e33-b321-48f8-a295-985176ccf5b2}*SharedItemsImports = 4
		D:\Programming\VS\Get.TextEditor\Get.TextEditor.Shared\Get.TextEditor.Shared.projitems*{da61291b-b653-4c47-85aa-00efbe739ff7}*SharedItemsImports = 5
		WAH.NoteSystem.UI\WAH.NoteSystem.UI.projitems*{e8750a5b-605f-41b7-a8a9-d8e04108a970}*SharedItemsImports = 4
	EndGlobalSection
EndGlobal
